{
  "name": "budget-manager",
  "version": "1.0.0",
  "lockfileVersion": 1,
  "requires": true,
  "dependencies": {
    "object-observer": {
      "version": "5.0.2",
      "resolved": "https://registry.npmjs.org/object-observer/-/object-observer-5.0.2.tgz",
      "integrity": "sha512-u24X/IIJP1cZjNtF5RfhBOUUq3iW8NKh+2vphi49j6OujL74ro78iCm+KlPDvkr2bz8TKH7PY+j8QswPNXYiJQ=="
    }
  }
}
